
Microsoft Visual Studio Solution File, Format Version 12.00
# Visual Studio Version 16
Project("{8BC9CEB8-8B4A-11D0-8D11-00A0C91BC942}") = "ALL_BUILD", "ALL_BUILD.vcxproj", "{A0672421-4AA8-3C2A-8CF0-4D2559A608DA}"
	ProjectSection(ProjectDependencies) = postProject
		{EDD55321-862C-3593-9A81-BA8472E0B68A} = {EDD55321-862C-3593-9A81-BA8472E0B68A}
		{C49228A3-BE13-3161-A08A-A869097EF36C} = {C49228A3-BE13-3161-A08A-A869097EF36C}
		{4BEA762A-F136-338E-B942-1565E8E0F7E8} = {4BEA762A-F136-338E-B942-1565E8E0F7E8}
		{DE1EA85B-0649-3ED0-B48F-CCA6C6738B9D} = {DE1EA85B-0649-3ED0-B48F-CCA6C6738B9D}
		{5A005BED-899F-3913-B70C-5751C2520F78} = {5A005BED-899F-3913-B70C-5751C2520F78}
		{1BD58B13-F99F-3345-8AB5-73A2794D1EA2} = {1BD58B13-F99F-3345-8AB5-73A2794D1EA2}
		{EE26A724-1E27-373B-A5E9-649D0B5F9459} = {EE26A724-1E27-373B-A5E9-649D0B5F9459}
	EndProjectSection
EndProject
Project("{8BC9CEB8-8B4A-11D0-8D11-00A0C91BC942}") = "Continuous", "test\Continuous.vcxproj", "{1CBC5846-AAE3-347F-8D06-B5DA6D781CE8}"
	ProjectSection(ProjectDependencies) = postProject
		{C49228A3-BE13-3161-A08A-A869097EF36C} = {C49228A3-BE13-3161-A08A-A869097EF36C}
	EndProjectSection
EndProject
Project("{8BC9CEB8-8B4A-11D0-8D11-00A0C91BC942}") = "Experimental", "test\Experimental.vcxproj", "{3401E963-6E30-3A19-98C4-41C252B766BB}"
	ProjectSection(ProjectDependencies) = postProject
		{C49228A3-BE13-3161-A08A-A869097EF36C} = {C49228A3-BE13-3161-A08A-A869097EF36C}
	EndProjectSection
EndProject
Project("{8BC9CEB8-8B4A-11D0-8D11-00A0C91BC942}") = "INSTALL", "INSTALL.vcxproj", "{468ED08B-3751-327F-8028-6721E7653D73}"
	ProjectSection(ProjectDependencies) = postProject
		{A0672421-4AA8-3C2A-8CF0-4D2559A608DA} = {A0672421-4AA8-3C2A-8CF0-4D2559A608DA}
		{C49228A3-BE13-3161-A08A-A869097EF36C} = {C49228A3-BE13-3161-A08A-A869097EF36C}
	EndProjectSection
EndProject
Project("{8BC9CEB8-8B4A-11D0-8D11-00A0C91BC942}") = "IrrXML", "contrib\irrXML\IrrXML.vcxproj", "{EDD55321-862C-3593-9A81-BA8472E0B68A}"
	ProjectSection(ProjectDependencies) = postProject
		{C49228A3-BE13-3161-A08A-A869097EF36C} = {C49228A3-BE13-3161-A08A-A869097EF36C}
	EndProjectSection
EndProject
Project("{8BC9CEB8-8B4A-11D0-8D11-00A0C91BC942}") = "Nightly", "test\Nightly.vcxproj", "{96141DF6-3ED8-3533-A239-081C662427E5}"
	ProjectSection(ProjectDependencies) = postProject
		{C49228A3-BE13-3161-A08A-A869097EF36C} = {C49228A3-BE13-3161-A08A-A869097EF36C}
	EndProjectSection
EndProject
Project("{8BC9CEB8-8B4A-11D0-8D11-00A0C91BC942}") = "NightlyMemoryCheck", "test\NightlyMemoryCheck.vcxproj", "{FA8ABBD0-297C-3B68-9E50-6B3AC0190A13}"
	ProjectSection(ProjectDependencies) = postProject
		{C49228A3-BE13-3161-A08A-A869097EF36C} = {C49228A3-BE13-3161-A08A-A869097EF36C}
	EndProjectSection
EndProject
Project("{8BC9CEB8-8B4A-11D0-8D11-00A0C91BC942}") = "UpdateAssimpLibsDebugSymbolsAndDLLs", "UpdateAssimpLibsDebugSymbolsAndDLLs.vcxproj", "{3DEBA67F-1502-3E5D-9CD2-068566693EF1}"
	ProjectSection(ProjectDependencies) = postProject
		{C49228A3-BE13-3161-A08A-A869097EF36C} = {C49228A3-BE13-3161-A08A-A869097EF36C}
	EndProjectSection
EndProject
Project("{8BC9CEB8-8B4A-11D0-8D11-00A0C91BC942}") = "ZERO_CHECK", "ZERO_CHECK.vcxproj", "{C49228A3-BE13-3161-A08A-A869097EF36C}"
	ProjectSection(ProjectDependencies) = postProject
	EndProjectSection
EndProject
Project("{8BC9CEB8-8B4A-11D0-8D11-00A0C91BC942}") = "assimp", "code\assimp.vcxproj", "{4BEA762A-F136-338E-B942-1565E8E0F7E8}"
	ProjectSection(ProjectDependencies) = postProject
		{EDD55321-862C-3593-9A81-BA8472E0B68A} = {EDD55321-862C-3593-9A81-BA8472E0B68A}
		{C49228A3-BE13-3161-A08A-A869097EF36C} = {C49228A3-BE13-3161-A08A-A869097EF36C}
		{EE26A724-1E27-373B-A5E9-649D0B5F9459} = {EE26A724-1E27-373B-A5E9-649D0B5F9459}
	EndProjectSection
EndProject
Project("{8BC9CEB8-8B4A-11D0-8D11-00A0C91BC942}") = "assimp_cmd", "tools\assimp_cmd\assimp_cmd.vcxproj", "{DE1EA85B-0649-3ED0-B48F-CCA6C6738B9D}"
	ProjectSection(ProjectDependencies) = postProject
		{EDD55321-862C-3593-9A81-BA8472E0B68A} = {EDD55321-862C-3593-9A81-BA8472E0B68A}
		{C49228A3-BE13-3161-A08A-A869097EF36C} = {C49228A3-BE13-3161-A08A-A869097EF36C}
		{4BEA762A-F136-338E-B942-1565E8E0F7E8} = {4BEA762A-F136-338E-B942-1565E8E0F7E8}
		{EE26A724-1E27-373B-A5E9-649D0B5F9459} = {EE26A724-1E27-373B-A5E9-649D0B5F9459}
	EndProjectSection
EndProject
Project("{8BC9CEB8-8B4A-11D0-8D11-00A0C91BC942}") = "uninstall", "uninstall.vcxproj", "{9F1902D2-572E-31E3-951C-0015179380AB}"
	ProjectSection(ProjectDependencies) = postProject
		{C49228A3-BE13-3161-A08A-A869097EF36C} = {C49228A3-BE13-3161-A08A-A869097EF36C}
	EndProjectSection
EndProject
Project("{8BC9CEB8-8B4A-11D0-8D11-00A0C91BC942}") = "unit", "test\unit.vcxproj", "{5A005BED-899F-3913-B70C-5751C2520F78}"
	ProjectSection(ProjectDependencies) = postProject
		{EDD55321-862C-3593-9A81-BA8472E0B68A} = {EDD55321-862C-3593-9A81-BA8472E0B68A}
		{C49228A3-BE13-3161-A08A-A869097EF36C} = {C49228A3-BE13-3161-A08A-A869097EF36C}
		{4BEA762A-F136-338E-B942-1565E8E0F7E8} = {4BEA762A-F136-338E-B942-1565E8E0F7E8}
		{EE26A724-1E27-373B-A5E9-649D0B5F9459} = {EE26A724-1E27-373B-A5E9-649D0B5F9459}
	EndProjectSection
EndProject
Project("{8BC9CEB8-8B4A-11D0-8D11-00A0C91BC942}") = "zlib", "contrib\zlib\zlib.vcxproj", "{1BD58B13-F99F-3345-8AB5-73A2794D1EA2}"
	ProjectSection(ProjectDependencies) = postProject
		{C49228A3-BE13-3161-A08A-A869097EF36C} = {C49228A3-BE13-3161-A08A-A869097EF36C}
	EndProjectSection
EndProject
Project("{8BC9CEB8-8B4A-11D0-8D11-00A0C91BC942}") = "zlibstatic", "contrib\zlib\zlibstatic.vcxproj", "{EE26A724-1E27-373B-A5E9-649D0B5F9459}"
	ProjectSection(ProjectDependencies) = postProject
		{C49228A3-BE13-3161-A08A-A869097EF36C} = {C49228A3-BE13-3161-A08A-A869097EF36C}
	EndProjectSection
EndProject
Global
	GlobalSection(SolutionConfigurationPlatforms) = preSolution
		Debug|x64 = Debug|x64
		Release|x64 = Release|x64
		MinSizeRel|x64 = MinSizeRel|x64
		RelWithDebInfo|x64 = RelWithDebInfo|x64
	EndGlobalSection
	GlobalSection(ProjectConfigurationPlatforms) = postSolution
		{A0672421-4AA8-3C2A-8CF0-4D2559A608DA}.Debug|x64.ActiveCfg = Debug|x64
		{A0672421-4AA8-3C2A-8CF0-4D2559A608DA}.Debug|x64.Build.0 = Debug|x64
		{A0672421-4AA8-3C2A-8CF0-4D2559A608DA}.Release|x64.ActiveCfg = Release|x64
		{A0672421-4AA8-3C2A-8CF0-4D2559A608DA}.Release|x64.Build.0 = Release|x64
		{A0672421-4AA8-3C2A-8CF0-4D2559A608DA}.MinSizeRel|x64.ActiveCfg = MinSizeRel|x64
		{A0672421-4AA8-3C2A-8CF0-4D2559A608DA}.MinSizeRel|x64.Build.0 = MinSizeRel|x64
		{A0672421-4AA8-3C2A-8CF0-4D2559A608DA}.RelWithDebInfo|x64.ActiveCfg = RelWithDebInfo|x64
		{A0672421-4AA8-3C2A-8CF0-4D2559A608DA}.RelWithDebInfo|x64.Build.0 = RelWithDebInfo|x64
		{1CBC5846-AAE3-347F-8D06-B5DA6D781CE8}.Debug|x64.ActiveCfg = Debug|x64
		{1CBC5846-AAE3-347F-8D06-B5DA6D781CE8}.Release|x64.ActiveCfg = Release|x64
		{1CBC5846-AAE3-347F-8D06-B5DA6D781CE8}.MinSizeRel|x64.ActiveCfg = MinSizeRel|x64
		{1CBC5846-AAE3-347F-8D06-B5DA6D781CE8}.RelWithDebInfo|x64.ActiveCfg = RelWithDebInfo|x64
		{3401E963-6E30-3A19-98C4-41C252B766BB}.Debug|x64.ActiveCfg = Debug|x64
		{3401E963-6E30-3A19-98C4-41C252B766BB}.Release|x64.ActiveCfg = Release|x64
		{3401E963-6E30-3A19-98C4-41C252B766BB}.MinSizeRel|x64.ActiveCfg = MinSizeRel|x64
		{3401E963-6E30-3A19-98C4-41C252B766BB}.RelWithDebInfo|x64.ActiveCfg = RelWithDebInfo|x64
		{468ED08B-3751-327F-8028-6721E7653D73}.Debug|x64.ActiveCfg = Debug|x64
		{468ED08B-3751-327F-8028-6721E7653D73}.Release|x64.ActiveCfg = Release|x64
		{468ED08B-3751-327F-8028-6721E7653D73}.MinSizeRel|x64.ActiveCfg = MinSizeRel|x64
		{468ED08B-3751-327F-8028-6721E7653D73}.RelWithDebInfo|x64.ActiveCfg = RelWithDebInfo|x64
		{EDD55321-862C-3593-9A81-BA8472E0B68A}.Debug|x64.ActiveCfg = Debug|x64
		{EDD55321-862C-3593-9A81-BA8472E0B68A}.Debug|x64.Build.0 = Debug|x64
		{EDD55321-862C-3593-9A81-BA8472E0B68A}.Release|x64.ActiveCfg = Release|x64
		{EDD55321-862C-3593-9A81-BA8472E0B68A}.Release|x64.Build.0 = Release|x64
		{EDD55321-862C-3593-9A81-BA8472E0B68A}.MinSizeRel|x64.ActiveCfg = MinSizeRel|x64
		{EDD55321-862C-3593-9A81-BA8472E0B68A}.MinSizeRel|x64.Build.0 = MinSizeRel|x64
		{EDD55321-862C-3593-9A81-BA8472E0B68A}.RelWithDebInfo|x64.ActiveCfg = RelWithDebInfo|x64
		{EDD55321-862C-3593-9A81-BA8472E0B68A}.RelWithDebInfo|x64.Build.0 = RelWithDebInfo|x64
		{96141DF6-3ED8-3533-A239-081C662427E5}.Debug|x64.ActiveCfg = Debug|x64
		{96141DF6-3ED8-3533-A239-081C662427E5}.Release|x64.ActiveCfg = Release|x64
		{96141DF6-3ED8-3533-A239-081C662427E5}.MinSizeRel|x64.ActiveCfg = MinSizeRel|x64
		{96141DF6-3ED8-3533-A239-081C662427E5}.RelWithDebInfo|x64.ActiveCfg = RelWithDebInfo|x64
		{FA8ABBD0-297C-3B68-9E50-6B3AC0190A13}.Debug|x64.ActiveCfg = Debug|x64
		{FA8ABBD0-297C-3B68-9E50-6B3AC0190A13}.Release|x64.ActiveCfg = Release|x64
		{FA8ABBD0-297C-3B68-9E50-6B3AC0190A13}.MinSizeRel|x64.ActiveCfg = MinSizeRel|x64
		{FA8ABBD0-297C-3B68-9E50-6B3AC0190A13}.RelWithDebInfo|x64.ActiveCfg = RelWithDebInfo|x64
		{3DEBA67F-1502-3E5D-9CD2-068566693EF1}.Debug|x64.ActiveCfg = Debug|x64
		{3DEBA67F-1502-3E5D-9CD2-068566693EF1}.Release|x64.ActiveCfg = Release|x64
		{3DEBA67F-1502-3E5D-9CD2-068566693EF1}.MinSizeRel|x64.ActiveCfg = MinSizeRel|x64
		{3DEBA67F-1502-3E5D-9CD2-068566693EF1}.RelWithDebInfo|x64.ActiveCfg = RelWithDebInfo|x64
		{C49228A3-BE13-3161-A08A-A869097EF36C}.Debug|x64.ActiveCfg = Debug|x64
		{C49228A3-BE13-3161-A08A-A869097EF36C}.Debug|x64.Build.0 = Debug|x64
		{C49228A3-BE13-3161-A08A-A869097EF36C}.Release|x64.ActiveCfg = Release|x64
		{C49228A3-BE13-3161-A08A-A869097EF36C}.Release|x64.Build.0 = Release|x64
		{C49228A3-BE13-3161-A08A-A869097EF36C}.MinSizeRel|x64.ActiveCfg = MinSizeRel|x64
		{C49228A3-BE13-3161-A08A-A869097EF36C}.MinSizeRel|x64.Build.0 = MinSizeRel|x64
		{C49228A3-BE13-3161-A08A-A869097EF36C}.RelWithDebInfo|x64.ActiveCfg = RelWithDebInfo|x64
		{C49228A3-BE13-3161-A08A-A869097EF36C}.RelWithDebInfo|x64.Build.0 = RelWithDebInfo|x64
		{4BEA762A-F136-338E-B942-1565E8E0F7E8}.Debug|x64.ActiveCfg = Debug|x64
		{4BEA762A-F136-338E-B942-1565E8E0F7E8}.Debug|x64.Build.0 = Debug|x64
		{4BEA762A-F136-338E-B942-1565E8E0F7E8}.Release|x64.ActiveCfg = Release|x64
		{4BEA762A-F136-338E-B942-1565E8E0F7E8}.Release|x64.Build.0 = Release|x64
		{4BEA762A-F136-338E-B942-1565E8E0F7E8}.MinSizeRel|x64.ActiveCfg = MinSizeRel|x64
		{4BEA762A-F136-338E-B942-1565E8E0F7E8}.MinSizeRel|x64.Build.0 = MinSizeRel|x64
		{4BEA762A-F136-338E-B942-1565E8E0F7E8}.RelWithDebInfo|x64.ActiveCfg = RelWithDebInfo|x64
		{4BEA762A-F136-338E-B942-1565E8E0F7E8}.RelWithDebInfo|x64.Build.0 = RelWithDebInfo|x64
		{DE1EA85B-0649-3ED0-B48F-CCA6C6738B9D}.Debug|x64.ActiveCfg = Debug|x64
		{DE1EA85B-0649-3ED0-B48F-CCA6C6738B9D}.Debug|x64.Build.0 = Debug|x64
		{DE1EA85B-0649-3ED0-B48F-CCA6C6738B9D}.Release|x64.ActiveCfg = Release|x64
		{DE1EA85B-0649-3ED0-B48F-CCA6C6738B9D}.Release|x64.Build.0 = Release|x64
		{DE1EA85B-0649-3ED0-B48F-CCA6C6738B9D}.MinSizeRel|x64.ActiveCfg = MinSizeRel|x64
		{DE1EA85B-0649-3ED0-B48F-CCA6C6738B9D}.MinSizeRel|x64.Build.0 = MinSizeRel|x64
		{DE1EA85B-0649-3ED0-B48F-CCA6C6738B9D}.RelWithDebInfo|x64.ActiveCfg = RelWithDebInfo|x64
		{DE1EA85B-0649-3ED0-B48F-CCA6C6738B9D}.RelWithDebInfo|x64.Build.0 = RelWithDebInfo|x64
		{9F1902D2-572E-31E3-951C-0015179380AB}.Debug|x64.ActiveCfg = Debug|x64
		{9F1902D2-572E-31E3-951C-0015179380AB}.Release|x64.ActiveCfg = Release|x64
		{9F1902D2-572E-31E3-951C-0015179380AB}.MinSizeRel|x64.ActiveCfg = MinSizeRel|x64
		{9F1902D2-572E-31E3-951C-0015179380AB}.RelWithDebInfo|x64.ActiveCfg = RelWithDebInfo|x64
		{5A005BED-899F-3913-B70C-5751C2520F78}.Debug|x64.ActiveCfg = Debug|x64
		{5A005BED-899F-3913-B70C-5751C2520F78}.Debug|x64.Build.0 = Debug|x64
		{5A005BED-899F-3913-B70C-5751C2520F78}.Release|x64.ActiveCfg = Release|x64
		{5A005BED-899F-3913-B70C-5751C2520F78}.Release|x64.Build.0 = Release|x64
		{5A005BED-899F-3913-B70C-5751C2520F78}.MinSizeRel|x64.ActiveCfg = MinSizeRel|x64
		{5A005BED-899F-3913-B70C-5751C2520F78}.MinSizeRel|x64.Build.0 = MinSizeRel|x64
		{5A005BED-899F-3913-B70C-5751C2520F78}.RelWithDebInfo|x64.ActiveCfg = RelWithDebInfo|x64
		{5A005BED-899F-3913-B70C-5751C2520F78}.RelWithDebInfo|x64.Build.0 = RelWithDebInfo|x64
		{1BD58B13-F99F-3345-8AB5-73A2794D1EA2}.Debug|x64.ActiveCfg = Debug|x64
		{1BD58B13-F99F-3345-8AB5-73A2794D1EA2}.Debug|x64.Build.0 = Debug|x64
		{1BD58B13-F99F-3345-8AB5-73A2794D1EA2}.Release|x64.ActiveCfg = Release|x64
		{1BD58B13-F99F-3345-8AB5-73A2794D1EA2}.Release|x64.Build.0 = Release|x64
		{1BD58B13-F99F-3345-8AB5-73A2794D1EA2}.MinSizeRel|x64.ActiveCfg = MinSizeRel|x64
		{1BD58B13-F99F-3345-8AB5-73A2794D1EA2}.MinSizeRel|x64.Build.0 = MinSizeRel|x64
		{1BD58B13-F99F-3345-8AB5-73A2794D1EA2}.RelWithDebInfo|x64.ActiveCfg = RelWithDebInfo|x64
		{1BD58B13-F99F-3345-8AB5-73A2794D1EA2}.RelWithDebInfo|x64.Build.0 = RelWithDebInfo|x64
		{EE26A724-1E27-373B-A5E9-649D0B5F9459}.Debug|x64.ActiveCfg = Debug|x64
		{EE26A724-1E27-373B-A5E9-649D0B5F9459}.Debug|x64.Build.0 = Debug|x64
		{EE26A724-1E27-373B-A5E9-649D0B5F9459}.Release|x64.ActiveCfg = Release|x64
		{EE26A724-1E27-373B-A5E9-649D0B5F9459}.Release|x64.Build.0 = Release|x64
		{EE26A724-1E27-373B-A5E9-649D0B5F9459}.MinSizeRel|x64.ActiveCfg = MinSizeRel|x64
		{EE26A724-1E27-373B-A5E9-649D0B5F9459}.MinSizeRel|x64.Build.0 = MinSizeRel|x64
		{EE26A724-1E27-373B-A5E9-649D0B5F9459}.RelWithDebInfo|x64.ActiveCfg = RelWithDebInfo|x64
		{EE26A724-1E27-373B-A5E9-649D0B5F9459}.RelWithDebInfo|x64.Build.0 = RelWithDebInfo|x64
	EndGlobalSection
	GlobalSection(ExtensibilityGlobals) = postSolution
		SolutionGuid = {BDE83128-580D-3682-8EB7-87C21FD7B220}
	EndGlobalSection
	GlobalSection(ExtensibilityAddIns) = postSolution
	EndGlobalSection
EndGlobal
