<?xml version="1.0" encoding="utf-8"?>
<Project ToolsVersion="16.0" xmlns="http://schemas.microsoft.com/developer/msbuild/2003">
  <ItemGroup>
    <CustomBuild Include="D:\Github\Nagi\bin\AssimpBin\CMakeFiles\e3325a77435b89853de60f63e5f3f175\INSTALL_force.rule">
      <Filter>CMake Rules</Filter>
    </CustomBuild>
  </ItemGroup>
  <ItemGroup>
    <Filter Include="CMake Rules">
      <UniqueIdentifier>{2CDA7F55-A44F-31EB-8340-BA9EB803BBAC}</UniqueIdentifier>
    </Filter>
  </ItemGroup>
</Project>
